21405421964224514639964944183450772856233410481971186735217819186692230656239158286130294660298417313279621431778279789358804348906750953372983432107555721711207101748519096294505165014464317033028580529326530076130817855648466161567486768687874813274822674910476413577626778130980421187013087169087483428183831031722284122398344247573025090712537104256609525925912600958