2140542196422451463996494418345077285623341048197118673521781918669223065623915828613029466029841731327962143177827978935880434890675095337298343210755572171120710174851909629450516501446431703302858052932653007613081785564846616156748676868787481327482267491047641357762677813098042118701308716908748342818383103172228412