214054219642245146399649441834507728562334104819711867352178191866922306562391582861302946602984173132796214317782797893588043489067509533729834321075557217112071017485190962945051650144643170330285805293265300761308178556484661615674867686878748132748226749104764135776267781309804211870130871690874834281838310317